
Microsoft Visual Studio Solution File, Format Version 12.00
# Visual Studio Version 17
VisualStudioVersion = 17.1.32414.318
MinimumVisualStudioVersion = 10.0.40219.1
Project("{9A19103F-16F7-4668-BE54-9A1E7A4F7556}") = "HttpTriggerFunction", "HttpTriggerFunction\HttpTriggerFunction.csproj", "{EEEEDBC1-C430-4161-83B4-25EF06E67030}"
EndProject
Project("{9A19103F-16F7-4668-BE54-9A1E7A4F7556}") = "Blobtrigger", "Blobtrigger\Blobtrigger.csproj", "{B8D28C07-65FF-4D43-8AAA-D647C3DD9583}"
EndProject
Project("{9A19103F-16F7-4668-BE54-9A1E7A4F7556}") = "ServiceBusTrigger", "ServiceBusTrigger\ServiceBusTrigger.csproj", "{C9F1401E-933E-4B06-9C98-25A66D5874C9}"
EndProject
Project("{FAE04EC0-301F-11D3-BF4B-00C04F79EFBC}") = "DurableFunctionOrchesstrator", "DurableFunctionOrchesstrator\DurableFunctionOrchesstrator.csproj", "{57C0AE01-ED83-469E-9251-D4CB5136A446}"
EndProject
Global
	GlobalSection(SolutionConfigurationPlatforms) = preSolution
		Debug|Any CPU = Debug|Any CPU
		Release|Any CPU = Release|Any CPU
	EndGlobalSection
	GlobalSection(ProjectConfigurationPlatforms) = postSolution
		{EEEEDBC1-C430-4161-83B4-25EF06E67030}.Debug|Any CPU.ActiveCfg = Debug|Any CPU
		{EEEEDBC1-C430-4161-83B4-25EF06E67030}.Debug|Any CPU.Build.0 = Debug|Any CPU
		{EEEEDBC1-C430-4161-83B4-25EF06E67030}.Release|Any CPU.ActiveCfg = Release|Any CPU
		{EEEEDBC1-C430-4161-83B4-25EF06E67030}.Release|Any CPU.Build.0 = Release|Any CPU
		{B8D28C07-65FF-4D43-8AAA-D647C3DD9583}.Debug|Any CPU.ActiveCfg = Debug|Any CPU
		{B8D28C07-65FF-4D43-8AAA-D647C3DD9583}.Debug|Any CPU.Build.0 = Debug|Any CPU
		{B8D28C07-65FF-4D43-8AAA-D647C3DD9583}.Release|Any CPU.ActiveCfg = Release|Any CPU
		{B8D28C07-65FF-4D43-8AAA-D647C3DD9583}.Release|Any CPU.Build.0 = Release|Any CPU
		{C9F1401E-933E-4B06-9C98-25A66D5874C9}.Debug|Any CPU.ActiveCfg = Debug|Any CPU
		{C9F1401E-933E-4B06-9C98-25A66D5874C9}.Debug|Any CPU.Build.0 = Debug|Any CPU
		{C9F1401E-933E-4B06-9C98-25A66D5874C9}.Release|Any CPU.ActiveCfg = Release|Any CPU
		{C9F1401E-933E-4B06-9C98-25A66D5874C9}.Release|Any CPU.Build.0 = Release|Any CPU
		{57C0AE01-ED83-469E-9251-D4CB5136A446}.Debug|Any CPU.ActiveCfg = Debug|Any CPU
		{57C0AE01-ED83-469E-9251-D4CB5136A446}.Debug|Any CPU.Build.0 = Debug|Any CPU
		{57C0AE01-ED83-469E-9251-D4CB5136A446}.Release|Any CPU.ActiveCfg = Release|Any CPU
		{57C0AE01-ED83-469E-9251-D4CB5136A446}.Release|Any CPU.Build.0 = Release|Any CPU
	EndGlobalSection
	GlobalSection(SolutionProperties) = preSolution
		HideSolutionNode = FALSE
	EndGlobalSection
	GlobalSection(ExtensibilityGlobals) = postSolution
		SolutionGuid = {38FDEEA8-2BCB-41A9-948B-6768B77B63F8}
	EndGlobalSection
EndGlobal
